// !$*UTF8*$!
{
	archiveVersion = 1;
	classes = {
	};
	objectVersion = 55;
	objects = {

/* Begin PBXBuildFile section */
		06984BA42A7718C2004A61C7 /* Tests_iOS.swift in Sources */ = {isa = PBXBuildFile; fileRef = 06984BA32A7718C2004A61C7 /* Tests_iOS.swift */; };
		06984BA62A7718C2004A61C7 /* Tests_iOSLaunchTests.swift in Sources */ = {isa = PBXBuildFile; fileRef = 06984BA52A7718C2004A61C7 /* Tests_iOSLaunchTests.swift */; };
		06984BB02A7718C2004A61C7 /* Tests_macOS.swift in Sources */ = {isa = PBXBuildFile; fileRef = 06984BAF2A7718C2004A61C7 /* Tests_macOS.swift */; };
		06984BB22A7718C2004A61C7 /* Tests_macOSLaunchTests.swift in Sources */ = {isa = PBXBuildFile; fileRef = 06984BB12A7718C2004A61C7 /* Tests_macOSLaunchTests.swift */; };
		06984BB32A7718C2004A61C7 /* Gym_TrackerApp.swift in Sources */ = {isa = PBXBuildFile; fileRef = 06984B8B2A7718C0004A61C7 /* Gym_TrackerApp.swift */; };
		06984BB42A7718C2004A61C7 /* Gym_TrackerApp.swift in Sources */ = {isa = PBXBuildFile; fileRef = 06984B8B2A7718C0004A61C7 /* Gym_TrackerApp.swift */; };
		06984BB52A7718C2004A61C7 /* ContentView.swift in Sources */ = {isa = PBXBuildFile; fileRef = 06984B8C2A7718C0004A61C7 /* ContentView.swift */; };
		06984BB62A7718C2004A61C7 /* ContentView.swift in Sources */ = {isa = PBXBuildFile; fileRef = 06984B8C2A7718C0004A61C7 /* ContentView.swift */; };
		06984BB72A7718C2004A61C7 /* Assets.xcassets in Resources */ = {isa = PBXBuildFile; fileRef = 06984B8D2A7718C2004A61C7 /* Assets.xcassets */; };
		06984BB82A7718C2004A61C7 /* Assets.xcassets in Resources */ = {isa = PBXBuildFile; fileRef = 06984B8D2A7718C2004A61C7 /* Assets.xcassets */; };
/* End PBXBuildFile section */

/* Begin PBXContainerItemProxy section */
		06984BA02A7718C2004A61C7 /* PBXContainerItemProxy */ = {
			isa = PBXContainerItemProxy;
			containerPortal = 06984B862A7718C0004A61C7 /* Project object */;
			proxyType = 1;
			remoteGlobalIDString = 06984B912A7718C2004A61C7;
			remoteInfo = "Gym Tracker (iOS)";
		};
		06984BAC2A7718C2004A61C7 /* PBXContainerItemProxy */ = {
			isa = PBXContainerItemProxy;
			containerPortal = 06984B862A7718C0004A61C7 /* Project object */;
			proxyType = 1;
			remoteGlobalIDString = 06984B972A7718C2004A61C7;
			remoteInfo = "Gym Tracker (macOS)";
		};
/* End PBXContainerItemProxy section */

/* Begin PBXFileReference section */
		06984B8B2A7718C0004A61C7 /* Gym_TrackerApp.swift */ = {isa = PBXFileReference; lastKnownFileType = sourcecode.swift; path = Gym_TrackerApp.swift; sourceTree = "<group>"; };
		06984B8C2A7718C0004A61C7 /* ContentView.swift */ = {isa = PBXFileReference; lastKnownFileType = sourcecode.swift; path = ContentView.swift; sourceTree = "<group>"; };
		06984B8D2A7718C2004A61C7 /* Assets.xcassets */ = {isa = PBXFileReference; lastKnownFileType = folder.assetcatalog; path = Assets.xcassets; sourceTree = "<group>"; };
		06984B922A7718C2004A61C7 /* Gym Tracker.app */ = {isa = PBXFileReference; explicitFileType = wrapper.application; includeInIndex = 0; path = "Gym Tracker.app"; sourceTree = BUILT_PRODUCTS_DIR; };
		06984B982A7718C2004A61C7 /* Gym Tracker.app */ = {isa = PBXFileReference; explicitFileType = wrapper.application; includeInIndex = 0; path = "Gym Tracker.app"; sourceTree = BUILT_PRODUCTS_DIR; };
		06984B9A2A7718C2004A61C7 /* macOS.entitlements */ = {isa = PBXFileReference; lastKnownFileType = text.plist.entitlements; path = macOS.entitlements; sourceTree = "<group>"; };
		06984B9F2A7718C2004A61C7 /* Tests iOS.xctest */ = {isa = PBXFileReference; explicitFileType = wrapper.cfbundle; includeInIndex = 0; path = "Tests iOS.xctest"; sourceTree = BUILT_PRODUCTS_DIR; };
		06984BA32A7718C2004A61C7 /* Tests_iOS.swift */ = {isa = PBXFileReference; lastKnownFileType = sourcecode.swift; path = Tests_iOS.swift; sourceTree = "<group>"; };
		06984BA52A7718C2004A61C7 /* Tests_iOSLaunchTests.swift */ = {isa = PBXFileReference; lastKnownFileType = sourcecode.swift; path = Tests_iOSLaunchTests.swift; sourceTree = "<group>"; };
		06984BAB2A7718C2004A61C7 /* Tests macOS.xctest */ = {isa = PBXFileReference; explicitFileType = wrapper.cfbundle; includeInIndex = 0; path = "Tests macOS.xctest"; sourceTree = BUILT_PRODUCTS_DIR; };
		06984BAF2A7718C2004A61C7 /* Tests_macOS.swift */ = {isa = PBXFileReference; lastKnownFileType = sourcecode.swift; path = Tests_macOS.swift; sourceTree = "<group>"; };
		06984BB12A7718C2004A61C7 /* Tests_macOSLaunchTests.swift */ = {isa = PBXFileReference; lastKnownFileType = sourcecode.swift; path = Tests_macOSLaunchTests.swift; sourceTree = "<group>"; };
/* End PBXFileReference section */

/* Begin PBXFrameworksBuildPhase section */
		06984B8F2A7718C2004A61C7 /* Frameworks */ = {
			isa = PBXFrameworksBuildPhase;
			buildActionMask = 2147483647;
			files = (
			);
			runOnlyForDeploymentPostprocessing = 0;
		};
		06984B952A7718C2004A61C7 /* Frameworks */ = {
			isa = PBXFrameworksBuildPhase;
			buildActionMask = 2147483647;
			files = (
			);
			runOnlyForDeploymentPostprocessing = 0;
		};
		06984B9C2A7718C2004A61C7 /* Frameworks */ = {
			isa = PBXFrameworksBuildPhase;
			buildActionMask = 2147483647;
			files = (
			);
			runOnlyForDeploymentPostprocessing = 0;
		};
		06984BA82A7718C2004A61C7 /* Frameworks */ = {
			isa = PBXFrameworksBuildPhase;
			buildActionMask = 2147483647;
			files = (
			);
			runOnlyForDeploymentPostprocessing = 0;
		};
/* End PBXFrameworksBuildPhase section */

/* Begin PBXGroup section */
		06984B852A7718C0004A61C7 = {
			isa = PBXGroup;
			children = (
				06984B8A2A7718C0004A61C7 /* Shared */,
				06984B992A7718C2004A61C7 /* macOS */,
				06984BA22A7718C2004A61C7 /* Tests iOS */,
				06984BAE2A7718C2004A61C7 /* Tests macOS */,
				06984B932A7718C2004A61C7 /* Products */,
			);
			sourceTree = "<group>";
		};
		06984B8A2A7718C0004A61C7 /* Shared */ = {
			isa = PBXGroup;
			children = (
				06984B8B2A7718C0004A61C7 /* Gym_TrackerApp.swift */,
				06984B8C2A7718C0004A61C7 /* ContentView.swift */,
				06984B8D2A7718C2004A61C7 /* Assets.xcassets */,
			);
			path = Shared;
			sourceTree = "<group>";
		};
		06984B932A7718C2004A61C7 /* Products */ = {
			isa = PBXGroup;
			children = (
				06984B922A7718C2004A61C7 /* Gym Tracker.app */,
				06984B982A7718C2004A61C7 /* Gym Tracker.app */,
				06984B9F2A7718C2004A61C7 /* Tests iOS.xctest */,
				06984BAB2A7718C2004A61C7 /* Tests macOS.xctest */,
			);
			name = Products;
			sourceTree = "<group>";
		};
		06984B992A7718C2004A61C7 /* macOS */ = {
			isa = PBXGroup;
			children = (
				06984B9A2A7718C2004A61C7 /* macOS.entitlements */,
			);
			path = macOS;
			sourceTree = "<group>";
		};
		06984BA22A7718C2004A61C7 /* Tests iOS */ = {
			isa = PBXGroup;
			children = (
				06984BA32A7718C2004A61C7 /* Tests_iOS.swift */,
				06984BA52A7718C2004A61C7 /* Tests_iOSLaunchTests.swift */,
			);
			path = "Tests iOS";
			sourceTree = "<group>";
		};
		06984BAE2A7718C2004A61C7 /* Tests macOS */ = {
			isa = PBXGroup;
			children = (
				06984BAF2A7718C2004A61C7 /* Tests_macOS.swift */,
				06984BB12A7718C2004A61C7 /* Tests_macOSLaunchTests.swift */,
			);
			path = "Tests macOS";
			sourceTree = "<group>";
		};
/* End PBXGroup section */

/* Begin PBXNativeTarget section */
		06984B912A7718C2004A61C7 /* Gym Tracker (iOS) */ = {
			isa = PBXNativeTarget;
			buildConfigurationList = 06984BBB2A7718C2004A61C7 /* Build configuration list for PBXNativeTarget "Gym Tracker (iOS)" */;
			buildPhases = (
				06984B8E2A7718C2004A61C7 /* Sources */,
				06984B8F2A7718C2004A61C7 /* Frameworks */,
				06984B902A7718C2004A61C7 /* Resources */,
			);
			buildRules = (
			);
			dependencies = (
			);
			name = "Gym Tracker (iOS)";
			productName = "Gym Tracker (iOS)";
			productReference = 06984B922A7718C2004A61C7 /* Gym Tracker.app */;
			productType = "com.apple.product-type.application";
		};
		06984B972A7718C2004A61C7 /* Gym Tracker (macOS) */ = {
			isa = PBXNativeTarget;
			buildConfigurationList = 06984BBE2A7718C2004A61C7 /* Build configuration list for PBXNativeTarget "Gym Tracker (macOS)" */;
			buildPhases = (
				06984B942A7718C2004A61C7 /* Sources */,
				06984B952A7718C2004A61C7 /* Frameworks */,
				06984B962A7718C2004A61C7 /* Resources */,
			);
			buildRules = (
			);
			dependencies = (
			);
			name = "Gym Tracker (macOS)";
			productName = "Gym Tracker (macOS)";
			productReference = 06984B982A7718C2004A61C7 /* Gym Tracker.app */;
			productType = "com.apple.product-type.application";
		};
		06984B9E2A7718C2004A61C7 /* Tests iOS */ = {
			isa = PBXNativeTarget;
			buildConfigurationList = 06984BC12A7718C2004A61C7 /* Build configuration list for PBXNativeTarget "Tests iOS" */;
			buildPhases = (
				06984B9B2A7718C2004A61C7 /* Sources */,
				06984B9C2A7718C2004A61C7 /* Frameworks */,
				06984B9D2A7718C2004A61C7 /* Resources */,
			);
			buildRules = (
			);
			dependencies = (
				06984BA12A7718C2004A61C7 /* PBXTargetDependency */,
			);
			name = "Tests iOS";
			productName = "Tests iOS";
			productReference = 06984B9F2A7718C2004A61C7 /* Tests iOS.xctest */;
			productType = "com.apple.product-type.bundle.ui-testing";
		};
		06984BAA2A7718C2004A61C7 /* Tests macOS */ = {
			isa = PBXNativeTarget;
			buildConfigurationList = 06984BC42A7718C2004A61C7 /* Build configuration list for PBXNativeTarget "Tests macOS" */;
			buildPhases = (
				06984BA72A7718C2004A61C7 /* Sources */,
				06984BA82A7718C2004A61C7 /* Frameworks */,
				06984BA92A7718C2004A61C7 /* Resources */,
			);
			buildRules = (
			);
			dependencies = (
				06984BAD2A7718C2004A61C7 /* PBXTargetDependency */,
			);
			name = "Tests macOS";
			productName = "Tests macOS";
			productReference = 06984BAB2A7718C2004A61C7 /* Tests macOS.xctest */;
			productType = "com.apple.product-type.bundle.ui-testing";
		};
/* End PBXNativeTarget section */

/* Begin PBXProject section */
		06984B862A7718C0004A61C7 /* Project object */ = {
			isa = PBXProject;
			attributes = {
				BuildIndependentTargetsInParallel = 1;
				LastSwiftUpdateCheck = 1340;
				LastUpgradeCheck = 1340;
				TargetAttributes = {
					06984B912A7718C2004A61C7 = {
						CreatedOnToolsVersion = 13.4.1;
					};
					06984B972A7718C2004A61C7 = {
						CreatedOnToolsVersion = 13.4.1;
					};
					06984B9E2A7718C2004A61C7 = {
						CreatedOnToolsVersion = 13.4.1;
						TestTargetID = 06984B912A7718C2004A61C7;
					};
					06984BAA2A7718C2004A61C7 = {
						CreatedOnToolsVersion = 13.4.1;
						TestTargetID = 06984B972A7718C2004A61C7;
					};
				};
			};
			buildConfigurationList = 06984B892A7718C0004A61C7 /* Build configuration list for PBXProject "Gym Tracker" */;
			compatibilityVersion = "Xcode 13.0";
			developmentRegion = en;
			hasScannedForEncodings = 0;
			knownRegions = (
				en,
				Base,
			);
			mainGroup = 06984B852A7718C0004A61C7;
			productRefGroup = 06984B932A7718C2004A61C7 /* Products */;
			projectDirPath = "";
			projectRoot = "";
			targets = (
				06984B912A7718C2004A61C7 /* Gym Tracker (iOS) */,
				06984B972A7718C2004A61C7 /* Gym Tracker (macOS) */,
				06984B9E2A7718C2004A61C7 /* Tests iOS */,
				06984BAA2A7718C2004A61C7 /* Tests macOS */,
			);
		};
/* End PBXProject section */

/* Begin PBXResourcesBuildPhase section */
		06984B902A7718C2004A61C7 /* Resources */ = {
			isa = PBXResourcesBuildPhase;
			buildActionMask = 2147483647;
			files = (
				06984BB72A7718C2004A61C7 /* Assets.xcassets in Resources */,
			);
			runOnlyForDeploymentPostprocessing = 0;
		};
		06984B962A7718C2004A61C7 /* Resources */ = {
			isa = PBXResourcesBuildPhase;
			buildActionMask = 2147483647;
			files = (
				06984BB82A7718C2004A61C7 /* Assets.xcassets in Resources */,
			);
			runOnlyForDeploymentPostprocessing = 0;
		};
		06984B9D2A7718C2004A61C7 /* Resources */ = {
			isa = PBXResourcesBuildPhase;
			buildActionMask = 2147483647;
			files = (
			);
			runOnlyForDeploymentPostprocessing = 0;
		};
		06984BA92A7718C2004A61C7 /* Resources */ = {
			isa = PBXResourcesBuildPhase;
			buildActionMask = 2147483647;
			files = (
			);
			runOnlyForDeploymentPostprocessing = 0;
		};
/* End PBXResourcesBuildPhase section */

/* Begin PBXSourcesBuildPhase section */
		06984B8E2A7718C2004A61C7 /* Sources */ = {
			isa = PBXSourcesBuildPhase;
			buildActionMask = 2147483647;
			files = (
				06984BB52A7718C2004A61C7 /* ContentView.swift in Sources */,
				06984BB32A7718C2004A61C7 /* Gym_TrackerApp.swift in Sources */,
			);
			runOnlyForDeploymentPostprocessing = 0;
		};
		06984B942A7718C2004A61C7 /* Sources */ = {
			isa = PBXSourcesBuildPhase;
			buildActionMask = 2147483647;
			files = (
				06984BB62A7718C2004A61C7 /* ContentView.swift in Sources */,
				06984BB42A7718C2004A61C7 /* Gym_TrackerApp.swift in Sources */,
			);
			runOnlyForDeploymentPostprocessing = 0;
		};
		06984B9B2A7718C2004A61C7 /* Sources */ = {
			isa = PBXSourcesBuildPhase;
			buildActionMask = 2147483647;
			files = (
				06984BA62A7718C2004A61C7 /* Tests_iOSLaunchTests.swift in Sources */,
				06984BA42A7718C2004A61C7 /* Tests_iOS.swift in Sources */,
			);
			runOnlyForDeploymentPostprocessing = 0;
		};
		06984BA72A7718C2004A61C7 /* Sources */ = {
			isa = PBXSourcesBuildPhase;
			buildActionMask = 2147483647;
			files = (
				06984BB22A7718C2004A61C7 /* Tests_macOSLaunchTests.swift in Sources */,
				06984BB02A7718C2004A61C7 /* Tests_macOS.swift in Sources */,
			);
			runOnlyForDeploymentPostprocessing = 0;
		};
/* End PBXSourcesBuildPhase section */

/* Begin PBXTargetDependency section */
		06984BA12A7718C2004A61C7 /* PBXTargetDependency */ = {
			isa = PBXTargetDependency;
			target = 06984B912A7718C2004A61C7 /* Gym Tracker (iOS) */;
			targetProxy = 06984BA02A7718C2004A61C7 /* PBXContainerItemProxy */;
		};
		06984BAD2A7718C2004A61C7 /* PBXTargetDependency */ = {
			isa = PBXTargetDependency;
			target = 06984B972A7718C2004A61C7 /* Gym Tracker (macOS) */;
			targetProxy = 06984BAC2A7718C2004A61C7 /* PBXContainerItemProxy */;
		};
/* End PBXTargetDependency section */

/* Begin XCBuildConfiguration section */
		06984BB92A7718C2004A61C7 /* Debug */ = {
			isa = XCBuildConfiguration;
			buildSettings = {
				ALWAYS_SEARCH_USER_PATHS = NO;
				CLANG_ANALYZER_NONNULL = YES;
				CLANG_ANALYZER_NUMBER_OBJECT_CONVERSION = YES_AGGRESSIVE;
				CLANG_CXX_LANGUAGE_STANDARD = "gnu++17";
				CLANG_ENABLE_MODULES = YES;
				CLANG_ENABLE_OBJC_ARC = YES;
				CLANG_ENABLE_OBJC_WEAK = YES;
				CLANG_WARN_BLOCK_CAPTURE_AUTORELEASING = YES;
				CLANG_WARN_BOOL_CONVERSION = YES;
				CLANG_WARN_COMMA = YES;
				CLANG_WARN_CONSTANT_CONVERSION = YES;
				CLANG_WARN_DEPRECATED_OBJC_IMPLEMENTATIONS = YES;
				CLANG_WARN_DIRECT_OBJC_ISA_USAGE = YES_ERROR;
				CLANG_WARN_DOCUMENTATION_COMMENTS = YES;
				CLANG_WARN_EMPTY_BODY = YES;
				CLANG_WARN_ENUM_CONVERSION = YES;
				CLANG_WARN_INFINITE_RECURSION = YES;
				CLANG_WARN_INT_CONVERSION = YES;
				CLANG_WARN_NON_LITERAL_NULL_CONVERSION = YES;
				CLANG_WARN_OBJC_IMPLICIT_RETAIN_SELF = YES;
				CLANG_WARN_OBJC_LITERAL_CONVERSION = YES;
				CLANG_WARN_OBJC_ROOT_CLASS = YES_ERROR;
				CLANG_WARN_QUOTED_INCLUDE_IN_FRAMEWORK_HEADER = YES;
				CLANG_WARN_RANGE_LOOP_ANALYSIS = YES;
				CLANG_WARN_STRICT_PROTOTYPES = YES;
				CLANG_WARN_SUSPICIOUS_MOVE = YES;
				CLANG_WARN_UNGUARDED_AVAILABILITY = YES_AGGRESSIVE;
				CLANG_WARN_UNREACHABLE_CODE = YES;
				CLANG_WARN__DUPLICATE_METHOD_MATCH = YES;
				COPY_PHASE_STRIP = NO;
				DEBUG_INFORMATION_FORMAT = dwarf;
				ENABLE_STRICT_OBJC_MSGSEND = YES;
				ENABLE_TESTABILITY = YES;
				GCC_C_LANGUAGE_STANDARD = gnu11;
				GCC_DYNAMIC_NO_PIC = NO;
				GCC_NO_COMMON_BLOCKS = YES;
				GCC_OPTIMIZATION_LEVEL = 0;
				GCC_PREPROCESSOR_DEFINITIONS = (
					"DEBUG=1",
					"$(inherited)",
				);
				GCC_WARN_64_TO_32_BIT_CONVERSION = YES;
				GCC_WARN_ABOUT_RETURN_TYPE = YES_ERROR;
				GCC_WARN_UNDECLARED_SELECTOR = YES;
				GCC_WARN_UNINITIALIZED_AUTOS = YES_AGGRESSIVE;
				GCC_WARN_UNUSED_FUNCTION = YES;
				GCC_WARN_UNUSED_VARIABLE = YES;
				MTL_ENABLE_DEBUG_INFO = INCLUDE_SOURCE;
				MTL_FAST_MATH = YES;
				ONLY_ACTIVE_ARCH = YES;
				SWIFT_ACTIVE_COMPILATION_CONDITIONS = DEBUG;
				SWIFT_OPTIMIZATION_LEVEL = "-Onone";
			};
			name = Debug;
		};
		06984BBA2A7718C2004A61C7 /* Release */ = {
			isa = XCBuildConfiguration;
			buildSettings = {
				ALWAYS_SEARCH_USER_PATHS = NO;
				CLANG_ANALYZER_NONNULL = YES;
				CLANG_ANALYZER_NUMBER_OBJECT_CONVERSION = YES_AGGRESSIVE;
				CLANG_CXX_LANGUAGE_STANDARD = "gnu++17";
				CLANG_ENABLE_MODULES = YES;
				CLANG_ENABLE_OBJC_ARC = YES;
				CLANG_ENABLE_OBJC_WEAK = YES;
				CLANG_WARN_BLOCK_CAPTURE_AUTORELEASING = YES;
				CLANG_WARN_BOOL_CONVERSION = YES;
				CLANG_WARN_COMMA = YES;
				CLANG_WARN_CONSTANT_CONVERSION = YES;
				CLANG_WARN_DEPRECATED_OBJC_IMPLEMENTATIONS = YES;
				CLANG_WARN_DIRECT_OBJC_ISA_USAGE = YES_ERROR;
				CLANG_WARN_DOCUMENTATION_COMMENTS = YES;
				CLANG_WARN_EMPTY_BODY = YES;
				CLANG_WARN_ENUM_CONVERSION = YES;
				CLANG_WARN_INFINITE_RECURSION = YES;
				CLANG_WARN_INT_CONVERSION = YES;
				CLANG_WARN_NON_LITERAL_NULL_CONVERSION = YES;
				CLANG_WARN_OBJC_IMPLICIT_RETAIN_SELF = YES;
				CLANG_WARN_OBJC_LITERAL_CONVERSION = YES;
				CLANG_WARN_OBJC_ROOT_CLASS = YES_ERROR;
				CLANG_WARN_QUOTED_INCLUDE_IN_FRAMEWORK_HEADER = YES;
				CLANG_WARN_RANGE_LOOP_ANALYSIS = YES;
				CLANG_WARN_STRICT_PROTOTYPES = YES;
				CLANG_WARN_SUSPICIOUS_MOVE = YES;
				CLANG_WARN_UNGUARDED_AVAILABILITY = YES_AGGRESSIVE;
				CLANG_WARN_UNREACHABLE_CODE = YES;
				CLANG_WARN__DUPLICATE_METHOD_MATCH = YES;
				COPY_PHASE_STRIP = NO;
				DEBUG_INFORMATION_FORMAT = "dwarf-with-dsym";
				ENABLE_NS_ASSERTIONS = NO;
				ENABLE_STRICT_OBJC_MSGSEND = YES;
				GCC_C_LANGUAGE_STANDARD = gnu11;
				GCC_NO_COMMON_BLOCKS = YES;
				GCC_WARN_64_TO_32_BIT_CONVERSION = YES;
				GCC_WARN_ABOUT_RETURN_TYPE = YES_ERROR;
				GCC_WARN_UNDECLARED_SELECTOR = YES;
				GCC_WARN_UNINITIALIZED_AUTOS = YES_AGGRESSIVE;
				GCC_WARN_UNUSED_FUNCTION = YES;
				GCC_WARN_UNUSED_VARIABLE = YES;
				MTL_ENABLE_DEBUG_INFO = NO;
				MTL_FAST_MATH = YES;
				SWIFT_COMPILATION_MODE = wholemodule;
				SWIFT_OPTIMIZATION_LEVEL = "-O";
			};
			name = Release;
		};
		06984BBC2A7718C2004A61C7 /* Debug */ = {
			isa = XCBuildConfiguration;
			buildSettings = {
				ASSETCATALOG_COMPILER_APPICON_NAME = AppIcon;
				ASSETCATALOG_COMPILER_GLOBAL_ACCENT_COLOR_NAME = AccentColor;
				CODE_SIGN_STYLE = Automatic;
				CURRENT_PROJECT_VERSION = 1;
				DEVELOPMENT_TEAM = U8D54SNA5P;
				ENABLE_PREVIEWS = YES;
				GENERATE_INFOPLIST_FILE = YES;
				INFOPLIST_KEY_UIApplicationSceneManifest_Generation = YES;
				INFOPLIST_KEY_UIApplicationSupportsIndirectInputEvents = YES;
				INFOPLIST_KEY_UILaunchScreen_Generation = YES;
				INFOPLIST_KEY_UISupportedInterfaceOrientations_iPad = "UIInterfaceOrientationPortrait UIInterfaceOrientationPortraitUpsideDown UIInterfaceOrientationLandscapeLeft UIInterfaceOrientationLandscapeRight";
				INFOPLIST_KEY_UISupportedInterfaceOrientations_iPhone = "UIInterfaceOrientationPortrait UIInterfaceOrientationLandscapeLeft UIInterfaceOrientationLandscapeRight";
				IPHONEOS_DEPLOYMENT_TARGET = 15.5;
				LD_RUNPATH_SEARCH_PATHS = (
					"$(inherited)",
					"@executable_path/Frameworks",
				);
				MARKETING_VERSION = 1.0;
				PRODUCT_BUNDLE_IDENTIFIER = "com.freddiehursonbuilds.Gym-Tracker";
				PRODUCT_NAME = "Gym Tracker";
				SDKROOT = iphoneos;
				SWIFT_EMIT_LOC_STRINGS = YES;
				SWIFT_VERSION = 5.0;
				TARGETED_DEVICE_FAMILY = "1,2";
			};
			name = Debug;
		};
		06984BBD2A7718C2004A61C7 /* Release */ = {
			isa = XCBuildConfiguration;
			buildSettings = {
				ASSETCATALOG_COMPILER_APPICON_NAME = AppIcon;
				ASSETCATALOG_COMPILER_GLOBAL_ACCENT_COLOR_NAME = AccentColor;
				CODE_SIGN_STYLE = Automatic;
				CURRENT_PROJECT_VERSION = 1;
				DEVELOPMENT_TEAM = U8D54SNA5P;
				ENABLE_PREVIEWS = YES;
				GENERATE_INFOPLIST_FILE = YES;
				INFOPLIST_KEY_UIApplicationSceneManifest_Generation = YES;
				INFOPLIST_KEY_UIApplicationSupportsIndirectInputEvents = YES;
				INFOPLIST_KEY_UILaunchScreen_Generation = YES;
				INFOPLIST_KEY_UISupportedInterfaceOrientations_iPad = "UIInterfaceOrientationPortrait UIInterfaceOrientationPortraitUpsideDown UIInterfaceOrientationLandscapeLeft UIInterfaceOrientationLandscapeRight";
				INFOPLIST_KEY_UISupportedInterfaceOrientations_iPhone = "UIInterfaceOrientationPortrait UIInterfaceOrientationLandscapeLeft UIInterfaceOrientationLandscapeRight";
				IPHONEOS_DEPLOYMENT_TARGET = 15.5;
				LD_RUNPATH_SEARCH_PATHS = (
					"$(inherited)",
					"@executable_path/Frameworks",
				);
				MARKETING_VERSION = 1.0;
				PRODUCT_BUNDLE_IDENTIFIER = "com.freddiehursonbuilds.Gym-Tracker";
				PRODUCT_NAME = "Gym Tracker";
				SDKROOT = iphoneos;
				SWIFT_EMIT_LOC_STRINGS = YES;
				SWIFT_VERSION = 5.0;
				TARGETED_DEVICE_FAMILY = "1,2";
				VALIDATE_PRODUCT = YES;
			};
			name = Release;
		};
		06984BBF2A7718C2004A61C7 /* Debug */ = {
			isa = XCBuildConfiguration;
			buildSettings = {
				ASSETCATALOG_COMPILER_APPICON_NAME = AppIcon;
				ASSETCATALOG_COMPILER_GLOBAL_ACCENT_COLOR_NAME = AccentColor;
				CODE_SIGN_ENTITLEMENTS = macOS/macOS.entitlements;
				CODE_SIGN_STYLE = Automatic;
				COMBINE_HIDPI_IMAGES = YES;
				CURRENT_PROJECT_VERSION = 1;
				DEVELOPMENT_TEAM = U8D54SNA5P;
				ENABLE_HARDENED_RUNTIME = YES;
				ENABLE_PREVIEWS = YES;
				GENERATE_INFOPLIST_FILE = YES;
				INFOPLIST_KEY_NSHumanReadableCopyright = "";
				LD_RUNPATH_SEARCH_PATHS = (
					"$(inherited)",
					"@executable_path/../Frameworks",
				);
				MACOSX_DEPLOYMENT_TARGET = 12.3;
				MARKETING_VERSION = 1.0;
				PRODUCT_BUNDLE_IDENTIFIER = "com.freddiehursonbuilds.Gym-Tracker";
				PRODUCT_NAME = "Gym Tracker";
				SDKROOT = macosx;
				SWIFT_EMIT_LOC_STRINGS = YES;
				SWIFT_VERSION = 5.0;
			};
			name = Debug;
		};
		06984BC02A7718C2004A61C7 /* Release */ = {
			isa = XCBuildConfiguration;
			buildSettings = {
				ASSETCATALOG_COMPILER_APPICON_NAME = AppIcon;
				ASSETCATALOG_COMPILER_GLOBAL_ACCENT_COLOR_NAME = AccentColor;
				CODE_SIGN_ENTITLEMENTS = macOS/macOS.entitlements;
				CODE_SIGN_STYLE = Automatic;
				COMBINE_HIDPI_IMAGES = YES;
				CURRENT_PROJECT_VERSION = 1;
				DEVELOPMENT_TEAM = U8D54SNA5P;
				ENABLE_HARDENED_RUNTIME = YES;
				ENABLE_PREVIEWS = YES;
				GENERATE_INFOPLIST_FILE = YES;
				INFOPLIST_KEY_NSHumanReadableCopyright = "";
				LD_RUNPATH_SEARCH_PATHS = (
					"$(inherited)",
					"@executable_path/../Frameworks",
				);
				MACOSX_DEPLOYMENT_TARGET = 12.3;
				MARKETING_VERSION = 1.0;
				PRODUCT_BUNDLE_IDENTIFIER = "com.freddiehursonbuilds.Gym-Tracker";
				PRODUCT_NAME = "Gym Tracker";
				SDKROOT = macosx;
				SWIFT_EMIT_LOC_STRINGS = YES;
				SWIFT_VERSION = 5.0;
			};
			name = Release;
		};
		06984BC22A7718C2004A61C7 /* Debug */ = {
			isa = XCBuildConfiguration;
			buildSettings = {
				ALWAYS_EMBED_SWIFT_STANDARD_LIBRARIES = YES;
				CODE_SIGN_STYLE = Automatic;
				CURRENT_PROJECT_VERSION = 1;
				DEVELOPMENT_TEAM = U8D54SNA5P;
				GENERATE_INFOPLIST_FILE = YES;
				IPHONEOS_DEPLOYMENT_TARGET = 15.5;
				MARKETING_VERSION = 1.0;
				PRODUCT_BUNDLE_IDENTIFIER = "com.freddiehursonbuilds.Tests-iOS";
				PRODUCT_NAME = "$(TARGET_NAME)";
				SDKROOT = iphoneos;
				SWIFT_EMIT_LOC_STRINGS = NO;
				SWIFT_VERSION = 5.0;
				TARGETED_DEVICE_FAMILY = "1,2";
				TEST_TARGET_NAME = "Gym Tracker (iOS)";
			};
			name = Debug;
		};
		06984BC32A7718C2004A61C7 /* Release */ = {
			isa = XCBuildConfiguration;
			buildSettings = {
				ALWAYS_EMBED_SWIFT_STANDARD_LIBRARIES = YES;
				CODE_SIGN_STYLE = Automatic;
				CURRENT_PROJECT_VERSION = 1;
				DEVELOPMENT_TEAM = U8D54SNA5P;
				GENERATE_INFOPLIST_FILE = YES;
				IPHONEOS_DEPLOYMENT_TARGET = 15.5;
				MARKETING_VERSION = 1.0;
				PRODUCT_BUNDLE_IDENTIFIER = "com.freddiehursonbuilds.Tests-iOS";
				PRODUCT_NAME = "$(TARGET_NAME)";
				SDKROOT = iphoneos;
				SWIFT_EMIT_LOC_STRINGS = NO;
				SWIFT_VERSION = 5.0;
				TARGETED_DEVICE_FAMILY = "1,2";
				TEST_TARGET_NAME = "Gym Tracker (iOS)";
				VALIDATE_PRODUCT = YES;
			};
			name = Release;
		};
		06984BC52A7718C2004A61C7 /* Debug */ = {
			isa = XCBuildConfiguration;
			buildSettings = {
				ALWAYS_EMBED_SWIFT_STANDARD_LIBRARIES = YES;
				CODE_SIGN_STYLE = Automatic;
				CURRENT_PROJECT_VERSION = 1;
				DEVELOPMENT_TEAM = U8D54SNA5P;
				GENERATE_INFOPLIST_FILE = YES;
				MACOSX_DEPLOYMENT_TARGET = 12.3;
				MARKETING_VERSION = 1.0;
				PRODUCT_BUNDLE_IDENTIFIER = "com.freddiehursonbuilds.Tests-macOS";
				PRODUCT_NAME = "$(TARGET_NAME)";
				SDKROOT = macosx;
				SWIFT_EMIT_LOC_STRINGS = NO;
				SWIFT_VERSION = 5.0;
				TEST_TARGET_NAME = "Gym Tracker (macOS)";
			};
			name = Debug;
		};
		06984BC62A7718C2004A61C7 /* Release */ = {
			isa = XCBuildConfiguration;
			buildSettings = {
				ALWAYS_EMBED_SWIFT_STANDARD_LIBRARIES = YES;
				CODE_SIGN_STYLE = Automatic;
				CURRENT_PROJECT_VERSION = 1;
				DEVELOPMENT_TEAM = U8D54SNA5P;
				GENERATE_INFOPLIST_FILE = YES;
				MACOSX_DEPLOYMENT_TARGET = 12.3;
				MARKETING_VERSION = 1.0;
				PRODUCT_BUNDLE_IDENTIFIER = "com.freddiehursonbuilds.Tests-macOS";
				PRODUCT_NAME = "$(TARGET_NAME)";
				SDKROOT = macosx;
				SWIFT_EMIT_LOC_STRINGS = NO;
				SWIFT_VERSION = 5.0;
				TEST_TARGET_NAME = "Gym Tracker (macOS)";
			};
			name = Release;
		};
/* End XCBuildConfiguration section */

/* Begin XCConfigurationList section */
		06984B892A7718C0004A61C7 /* Build configuration list for PBXProject "Gym Tracker" */ = {
			isa = XCConfigurationList;
			buildConfigurations = (
				06984BB92A7718C2004A61C7 /* Debug */,
				06984BBA2A7718C2004A61C7 /* Release */,
			);
			defaultConfigurationIsVisible = 0;
			defaultConfigurationName = Release;
		};
		06984BBB2A7718C2004A61C7 /* Build configuration list for PBXNativeTarget "Gym Tracker (iOS)" */ = {
			isa = XCConfigurationList;
			buildConfigurations = (
				06984BBC2A7718C2004A61C7 /* Debug */,
				06984BBD2A7718C2004A61C7 /* Release */,
			);
			defaultConfigurationIsVisible = 0;
			defaultConfigurationName = Release;
		};
		06984BBE2A7718C2004A61C7 /* Build configuration list for PBXNativeTarget "Gym Tracker (macOS)" */ = {
			isa = XCConfigurationList;
			buildConfigurations = (
				06984BBF2A7718C2004A61C7 /* Debug */,
				06984BC02A7718C2004A61C7 /* Release */,
			);
			defaultConfigurationIsVisible = 0;
			defaultConfigurationName = Release;
		};
		06984BC12A7718C2004A61C7 /* Build configuration list for PBXNativeTarget "Tests iOS" */ = {
			isa = XCConfigurationList;
			buildConfigurations = (
				06984BC22A7718C2004A61C7 /* Debug */,
				06984BC32A7718C2004A61C7 /* Release */,
			);
			defaultConfigurationIsVisible = 0;
			defaultConfigurationName = Release;
		};
		06984BC42A7718C2004A61C7 /* Build configuration list for PBXNativeTarget "Tests macOS" */ = {
			isa = XCConfigurationList;
			buildConfigurations = (
				06984BC52A7718C2004A61C7 /* Debug */,
				06984BC62A7718C2004A61C7 /* Release */,
			);
			defaultConfigurationIsVisible = 0;
			defaultConfigurationName = Release;
		};
/* End XCConfigurationList section */
	};
	rootObject = 06984B862A7718C0004A61C7 /* Project object */;
}
